// !$*UTF8*$!
{
	archiveVersion = 1;
	classes = {
	};
	objectVersion = 70;
	objects = {

/* Begin PBXBuildFile section */
		C6953AB62DDFDEB5008FFD9C /* ZeroAppApp.swift in Sources */ = {isa = PBXBuildFile; fileRef = C6953AB52DDFDEB5008FFD9C /* ZeroAppApp.swift */; };
		C6953ABA2DDFDEB8008FFD9C /* Assets.xcassets in Resources */ = {isa = PBXBuildFile; fileRef = C6953AB92DDFDEB8008FFD9C /* Assets.xcassets */; };
		C6953ABD2DDFDEB8008FFD9C /* Preview Assets.xcassets in Resources */ = {isa = PBXBuildFile; fileRef = C6953ABC2DDFDEB8008FFD9C /* Preview Assets.xcassets */; };
		C6953AC72DDFDEB8008FFD9C /* ZeroAppTests.swift in Sources */ = {isa = PBXBuildFile; fileRef = C6953AC62DDFDEB8008FFD9C /* ZeroAppTests.swift */; };
		C6953AD12DDFDEB8008FFD9C /* ZeroAppUITests.swift in Sources */ = {isa = PBXBuildFile; fileRef = C6953AD02DDFDEB8008FFD9C /* ZeroAppUITests.swift */; };
		C6953AD32DDFDEB8008FFD9C /* ZeroAppUITestsLaunchTests.swift in Sources */ = {isa = PBXBuildFile; fileRef = C6953AD22DDFDEB8008FFD9C /* ZeroAppUITestsLaunchTests.swift */; };
/* End PBXBuildFile section */

/* Begin PBXContainerItemProxy section */
		C6953AC32DDFDEB8008FFD9C /* PBXContainerItemProxy */ = {
			isa = PBXContainerItemProxy;
			containerPortal = C6953AAA2DDFDEB5008FFD9C /* Project object */;
			proxyType = 1;
			remoteGlobalIDString = C6953AB12DDFDEB5008FFD9C;
			remoteInfo = ZeroApp;
		};
		C6953ACD2DDFDEB8008FFD9C /* PBXContainerItemProxy */ = {
			isa = PBXContainerItemProxy;
			containerPortal = C6953AAA2DDFDEB5008FFD9C /* Project object */;
			proxyType = 1;
			remoteGlobalIDString = C6953AB12DDFDEB5008FFD9C;
			remoteInfo = ZeroApp;
		};
/* End PBXContainerItemProxy section */

/* Begin PBXFileReference section */
		C6953AB22DDFDEB5008FFD9C /* ZeroApp.app */ = {isa = PBXFileReference; explicitFileType = wrapper.application; includeInIndex = 0; path = ZeroApp.app; sourceTree = BUILT_PRODUCTS_DIR; };
		C6953AB52DDFDEB5008FFD9C /* ZeroAppApp.swift */ = {isa = PBXFileReference; lastKnownFileType = sourcecode.swift; path = ZeroAppApp.swift; sourceTree = "<group>"; };
		C6953AB92DDFDEB8008FFD9C /* Assets.xcassets */ = {isa = PBXFileReference; lastKnownFileType = folder.assetcatalog; path = Assets.xcassets; sourceTree = "<group>"; };
		C6953ABC2DDFDEB8008FFD9C /* Preview Assets.xcassets */ = {isa = PBXFileReference; lastKnownFileType = folder.assetcatalog; path = "Preview Assets.xcassets"; sourceTree = "<group>"; };
		C6953AC22DDFDEB8008FFD9C /* ZeroAppTests.xctest */ = {isa = PBXFileReference; explicitFileType = wrapper.cfbundle; includeInIndex = 0; path = ZeroAppTests.xctest; sourceTree = BUILT_PRODUCTS_DIR; };
		C6953AC62DDFDEB8008FFD9C /* ZeroAppTests.swift */ = {isa = PBXFileReference; lastKnownFileType = sourcecode.swift; path = ZeroAppTests.swift; sourceTree = "<group>"; };
		C6953ACC2DDFDEB8008FFD9C /* ZeroAppUITests.xctest */ = {isa = PBXFileReference; explicitFileType = wrapper.cfbundle; includeInIndex = 0; path = ZeroAppUITests.xctest; sourceTree = BUILT_PRODUCTS_DIR; };
		C6953AD02DDFDEB8008FFD9C /* ZeroAppUITests.swift */ = {isa = PBXFileReference; lastKnownFileType = sourcecode.swift; path = ZeroAppUITests.swift; sourceTree = "<group>"; };
		C6953AD22DDFDEB8008FFD9C /* ZeroAppUITestsLaunchTests.swift */ = {isa = PBXFileReference; lastKnownFileType = sourcecode.swift; path = ZeroAppUITestsLaunchTests.swift; sourceTree = "<group>"; };
/* End PBXFileReference section */

/* Begin PBXFileSystemSynchronizedRootGroup section */
		F3305DE22DE8107400F0EAC7 /* Model */ = {isa = PBXFileSystemSynchronizedRootGroup; explicitFileTypes = {}; explicitFolders = (); path = Model; sourceTree = "<group>"; };
		F3305DE42DE8120600F0EAC7 /* VIewModel */ = {isa = PBXFileSystemSynchronizedRootGroup; explicitFileTypes = {}; explicitFolders = (); path = VIewModel; sourceTree = "<group>"; };
		F3305DE62DE8121B00F0EAC7 /* View */ = {isa = PBXFileSystemSynchronizedRootGroup; explicitFileTypes = {}; explicitFolders = (); path = View; sourceTree = "<group>"; };
/* End PBXFileSystemSynchronizedRootGroup section */

/* Begin PBXFrameworksBuildPhase section */
		C6953AAF2DDFDEB5008FFD9C /* Frameworks */ = {
			isa = PBXFrameworksBuildPhase;
			buildActionMask = 2147483647;
			files = (
			);
			runOnlyForDeploymentPostprocessing = 0;
		};
		C6953ABF2DDFDEB8008FFD9C /* Frameworks */ = {
			isa = PBXFrameworksBuildPhase;
			buildActionMask = 2147483647;
			files = (
			);
			runOnlyForDeploymentPostprocessing = 0;
		};
		C6953AC92DDFDEB8008FFD9C /* Frameworks */ = {
			isa = PBXFrameworksBuildPhase;
			buildActionMask = 2147483647;
			files = (
			);
			runOnlyForDeploymentPostprocessing = 0;
		};
/* End PBXFrameworksBuildPhase section */

/* Begin PBXGroup section */
		C6953AA92DDFDEB5008FFD9C = {
			isa = PBXGroup;
			children = (
				C6953AB42DDFDEB5008FFD9C /* ZeroApp */,
				C6953AC52DDFDEB8008FFD9C /* ZeroAppTests */,
				C6953ACF2DDFDEB8008FFD9C /* ZeroAppUITests */,
				C6953AB32DDFDEB5008FFD9C /* Products */,
			);
			sourceTree = "<group>";
		};
		C6953AB32DDFDEB5008FFD9C /* Products */ = {
			isa = PBXGroup;
			children = (
				C6953AB22DDFDEB5008FFD9C /* ZeroApp.app */,
				C6953AC22DDFDEB8008FFD9C /* ZeroAppTests.xctest */,
				C6953ACC2DDFDEB8008FFD9C /* ZeroAppUITests.xctest */,
			);
			name = Products;
			sourceTree = "<group>";
		};
		C6953AB42DDFDEB5008FFD9C /* ZeroApp */ = {
			isa = PBXGroup;
			children = (
				F3305DE22DE8107400F0EAC7 /* Model */,
				F3305DE62DE8121B00F0EAC7 /* View */,
				F3305DE42DE8120600F0EAC7 /* VIewModel */,
				C6953AB52DDFDEB5008FFD9C /* ZeroAppApp.swift */,
				C6953AB92DDFDEB8008FFD9C /* Assets.xcassets */,
				C6953ABB2DDFDEB8008FFD9C /* Preview Content */,
			);
			path = ZeroApp;
			sourceTree = "<group>";
		};
		C6953ABB2DDFDEB8008FFD9C /* Preview Content */ = {
			isa = PBXGroup;
			children = (
				C6953ABC2DDFDEB8008FFD9C /* Preview Assets.xcassets */,
			);
			path = "Preview Content";
			sourceTree = "<group>";
		};
		C6953AC52DDFDEB8008FFD9C /* ZeroAppTests */ = {
			isa = PBXGroup;
			children = (
				C6953AC62DDFDEB8008FFD9C /* ZeroAppTests.swift */,
			);
			path = ZeroAppTests;
			sourceTree = "<group>";
		};
		C6953ACF2DDFDEB8008FFD9C /* ZeroAppUITests */ = {
			isa = PBXGroup;
			children = (
				C6953AD02DDFDEB8008FFD9C /* ZeroAppUITests.swift */,
				C6953AD22DDFDEB8008FFD9C /* ZeroAppUITestsLaunchTests.swift */,
			);
			path = ZeroAppUITests;
			sourceTree = "<group>";
		};
/* End PBXGroup section */

/* Begin PBXNativeTarget section */
		C6953AB12DDFDEB5008FFD9C /* ZeroApp */ = {
			isa = PBXNativeTarget;
			buildConfigurationList = C6953AD62DDFDEB8008FFD9C /* Build configuration list for PBXNativeTarget "ZeroApp" */;
			buildPhases = (
				C6953AAE2DDFDEB5008FFD9C /* Sources */,
				C6953AAF2DDFDEB5008FFD9C /* Frameworks */,
				C6953AB02DDFDEB5008FFD9C /* Resources */,
			);
			buildRules = (
			);
			dependencies = (
			);
			fileSystemSynchronizedGroups = (
				F3305DE22DE8107400F0EAC7 /* Model */,
				F3305DE42DE8120600F0EAC7 /* VIewModel */,
				F3305DE62DE8121B00F0EAC7 /* View */,
			);
			name = ZeroApp;
			productName = ZeroApp;
			productReference = C6953AB22DDFDEB5008FFD9C /* ZeroApp.app */;
			productType = "com.apple.product-type.application";
		};
		C6953AC12DDFDEB8008FFD9C /* ZeroAppTests */ = {
			isa = PBXNativeTarget;
			buildConfigurationList = C6953AD92DDFDEB8008FFD9C /* Build configuration list for PBXNativeTarget "ZeroAppTests" */;
			buildPhases = (
				C6953ABE2DDFDEB8008FFD9C /* Sources */,
				C6953ABF2DDFDEB8008FFD9C /* Frameworks */,
				C6953AC02DDFDEB8008FFD9C /* Resources */,
			);
			buildRules = (
			);
			dependencies = (
				C6953AC42DDFDEB8008FFD9C /* PBXTargetDependency */,
			);
			name = ZeroAppTests;
			productName = ZeroAppTests;
			productReference = C6953AC22DDFDEB8008FFD9C /* ZeroAppTests.xctest */;
			productType = "com.apple.product-type.bundle.unit-test";
		};
		C6953ACB2DDFDEB8008FFD9C /* ZeroAppUITests */ = {
			isa = PBXNativeTarget;
			buildConfigurationList = C6953ADC2DDFDEB8008FFD9C /* Build configuration list for PBXNativeTarget "ZeroAppUITests" */;
			buildPhases = (
				C6953AC82DDFDEB8008FFD9C /* Sources */,
				C6953AC92DDFDEB8008FFD9C /* Frameworks */,
				C6953ACA2DDFDEB8008FFD9C /* Resources */,
			);
			buildRules = (
			);
			dependencies = (
				C6953ACE2DDFDEB8008FFD9C /* PBXTargetDependency */,
			);
			name = ZeroAppUITests;
			productName = ZeroAppUITests;
			productReference = C6953ACC2DDFDEB8008FFD9C /* ZeroAppUITests.xctest */;
			productType = "com.apple.product-type.bundle.ui-testing";
		};
/* End PBXNativeTarget section */

/* Begin PBXProject section */
		C6953AAA2DDFDEB5008FFD9C /* Project object */ = {
			isa = PBXProject;
			attributes = {
				BuildIndependentTargetsInParallel = 1;
				LastSwiftUpdateCheck = 1540;
				LastUpgradeCheck = 1540;
				TargetAttributes = {
					C6953AB12DDFDEB5008FFD9C = {
						CreatedOnToolsVersion = 15.4;
					};
					C6953AC12DDFDEB8008FFD9C = {
						CreatedOnToolsVersion = 15.4;
						TestTargetID = C6953AB12DDFDEB5008FFD9C;
					};
					C6953ACB2DDFDEB8008FFD9C = {
						CreatedOnToolsVersion = 15.4;
						TestTargetID = C6953AB12DDFDEB5008FFD9C;
					};
				};
			};
			buildConfigurationList = C6953AAD2DDFDEB5008FFD9C /* Build configuration list for PBXProject "ZeroApp" */;
			compatibilityVersion = "Xcode 14.0";
			developmentRegion = en;
			hasScannedForEncodings = 0;
			knownRegions = (
				en,
				Base,
			);
			mainGroup = C6953AA92DDFDEB5008FFD9C;
			productRefGroup = C6953AB32DDFDEB5008FFD9C /* Products */;
			projectDirPath = "";
			projectRoot = "";
			targets = (
				C6953AB12DDFDEB5008FFD9C /* ZeroApp */,
				C6953AC12DDFDEB8008FFD9C /* ZeroAppTests */,
				C6953ACB2DDFDEB8008FFD9C /* ZeroAppUITests */,
			);
		};
/* End PBXProject section */

/* Begin PBXResourcesBuildPhase section */
		C6953AB02DDFDEB5008FFD9C /* Resources */ = {
			isa = PBXResourcesBuildPhase;
			buildActionMask = 2147483647;
			files = (
				C6953ABD2DDFDEB8008FFD9C /* Preview Assets.xcassets in Resources */,
				C6953ABA2DDFDEB8008FFD9C /* Assets.xcassets in Resources */,
			);
			runOnlyForDeploymentPostprocessing = 0;
		};
		C6953AC02DDFDEB8008FFD9C /* Resources */ = {
			isa = PBXResourcesBuildPhase;
			buildActionMask = 2147483647;
			files = (
			);
			runOnlyForDeploymentPostprocessing = 0;
		};
		C6953ACA2DDFDEB8008FFD9C /* Resources */ = {
			isa = PBXResourcesBuildPhase;
			buildActionMask = 2147483647;
			files = (
			);
			runOnlyForDeploymentPostprocessing = 0;
		};
/* End PBXResourcesBuildPhase section */

/* Begin PBXSourcesBuildPhase section */
		C6953AAE2DDFDEB5008FFD9C /* Sources */ = {
			isa = PBXSourcesBuildPhase;
			buildActionMask = 2147483647;
			files = (
				C6953AB62DDFDEB5008FFD9C /* ZeroAppApp.swift in Sources */,
			);
			runOnlyForDeploymentPostprocessing = 0;
		};
		C6953ABE2DDFDEB8008FFD9C /* Sources */ = {
			isa = PBXSourcesBuildPhase;
			buildActionMask = 2147483647;
			files = (
				C6953AC72DDFDEB8008FFD9C /* ZeroAppTests.swift in Sources */,
			);
			runOnlyForDeploymentPostprocessing = 0;
		};
		C6953AC82DDFDEB8008FFD9C /* Sources */ = {
			isa = PBXSourcesBuildPhase;
			buildActionMask = 2147483647;
			files = (
				C6953AD32DDFDEB8008FFD9C /* ZeroAppUITestsLaunchTests.swift in Sources */,
				C6953AD12DDFDEB8008FFD9C /* ZeroAppUITests.swift in Sources */,
			);
			runOnlyForDeploymentPostprocessing = 0;
		};
/* End PBXSourcesBuildPhase section */

/* Begin PBXTargetDependency section */
		C6953AC42DDFDEB8008FFD9C /* PBXTargetDependency */ = {
			isa = PBXTargetDependency;
			target = C6953AB12DDFDEB5008FFD9C /* ZeroApp */;
			targetProxy = C6953AC32DDFDEB8008FFD9C /* PBXContainerItemProxy */;
		};
		C6953ACE2DDFDEB8008FFD9C /* PBXTargetDependency */ = {
			isa = PBXTargetDependency;
			target = C6953AB12DDFDEB5008FFD9C /* ZeroApp */;
			targetProxy = C6953ACD2DDFDEB8008FFD9C /* PBXContainerItemProxy */;
		};
/* End PBXTargetDependency section */

/* Begin XCBuildConfiguration section */
		C6953AD42DDFDEB8008FFD9C /* Debug */ = {
			isa = XCBuildConfiguration;
			buildSettings = {
				ALWAYS_SEARCH_USER_PATHS = NO;
				ASSETCATALOG_COMPILER_GENERATE_SWIFT_ASSET_SYMBOL_EXTENSIONS = YES;
				CLANG_ANALYZER_NONNULL = YES;
				CLANG_ANALYZER_NUMBER_OBJECT_CONVERSION = YES_AGGRESSIVE;
				CLANG_CXX_LANGUAGE_STANDARD = "gnu++20";
				CLANG_ENABLE_MODULES = YES;
				CLANG_ENABLE_OBJC_ARC = YES;
				CLANG_ENABLE_OBJC_WEAK = YES;
				CLANG_WARN_BLOCK_CAPTURE_AUTORELEASING = YES;
				CLANG_WARN_BOOL_CONVERSION = YES;
				CLANG_WARN_COMMA = YES;
				CLANG_WARN_CONSTANT_CONVERSION = YES;
				CLANG_WARN_DEPRECATED_OBJC_IMPLEMENTATIONS = YES;
				CLANG_WARN_DIRECT_OBJC_ISA_USAGE = YES_ERROR;
				CLANG_WARN_DOCUMENTATION_COMMENTS = YES;
				CLANG_WARN_EMPTY_BODY = YES;
				CLANG_WARN_ENUM_CONVERSION = YES;
				CLANG_WARN_INFINITE_RECURSION = YES;
				CLANG_WARN_INT_CONVERSION = YES;
				CLANG_WARN_NON_LITERAL_NULL_CONVERSION = YES;
				CLANG_WARN_OBJC_IMPLICIT_RETAIN_SELF = YES;
				CLANG_WARN_OBJC_LITERAL_CONVERSION = YES;
				CLANG_WARN_OBJC_ROOT_CLASS = YES_ERROR;
				CLANG_WARN_QUOTED_INCLUDE_IN_FRAMEWORK_HEADER = YES;
				CLANG_WARN_RANGE_LOOP_ANALYSIS = YES;
				CLANG_WARN_STRICT_PROTOTYPES = YES;
				CLANG_WARN_SUSPICIOUS_MOVE = YES;
				CLANG_WARN_UNGUARDED_AVAILABILITY = YES_AGGRESSIVE;
				CLANG_WARN_UNREACHABLE_CODE = YES;
				CLANG_WARN__DUPLICATE_METHOD_MATCH = YES;
				COPY_PHASE_STRIP = NO;
				DEBUG_INFORMATION_FORMAT = dwarf;
				ENABLE_STRICT_OBJC_MSGSEND = YES;
				ENABLE_TESTABILITY = YES;
				ENABLE_USER_SCRIPT_SANDBOXING = YES;
				GCC_C_LANGUAGE_STANDARD = gnu17;
				GCC_DYNAMIC_NO_PIC = NO;
				GCC_NO_COMMON_BLOCKS = YES;
				GCC_OPTIMIZATION_LEVEL = 0;
				GCC_PREPROCESSOR_DEFINITIONS = (
					"DEBUG=1",
					"$(inherited)",
				);
				GCC_WARN_64_TO_32_BIT_CONVERSION = YES;
				GCC_WARN_ABOUT_RETURN_TYPE = YES_ERROR;
				GCC_WARN_UNDECLARED_SELECTOR = YES;
				GCC_WARN_UNINITIALIZED_AUTOS = YES_AGGRESSIVE;
				GCC_WARN_UNUSED_FUNCTION = YES;
				GCC_WARN_UNUSED_VARIABLE = YES;
				IPHONEOS_DEPLOYMENT_TARGET = 17.5;
				LOCALIZATION_PREFERS_STRING_CATALOGS = YES;
				MTL_ENABLE_DEBUG_INFO = INCLUDE_SOURCE;
				MTL_FAST_MATH = YES;
				ONLY_ACTIVE_ARCH = YES;
				SDKROOT = iphoneos;
				SWIFT_ACTIVE_COMPILATION_CONDITIONS = "DEBUG $(inherited)";
				SWIFT_OPTIMIZATION_LEVEL = "-Onone";
			};
			name = Debug;
		};
		C6953AD52DDFDEB8008FFD9C /* Release */ = {
			isa = XCBuildConfiguration;
			buildSettings = {
				ALWAYS_SEARCH_USER_PATHS = NO;
				ASSETCATALOG_COMPILER_GENERATE_SWIFT_ASSET_SYMBOL_EXTENSIONS = YES;
				CLANG_ANALYZER_NONNULL = YES;
				CLANG_ANALYZER_NUMBER_OBJECT_CONVERSION = YES_AGGRESSIVE;
				CLANG_CXX_LANGUAGE_STANDARD = "gnu++20";
				CLANG_ENABLE_MODULES = YES;
				CLANG_ENABLE_OBJC_ARC = YES;
				CLANG_ENABLE_OBJC_WEAK = YES;
				CLANG_WARN_BLOCK_CAPTURE_AUTORELEASING = YES;
				CLANG_WARN_BOOL_CONVERSION = YES;
				CLANG_WARN_COMMA = YES;
				CLANG_WARN_CONSTANT_CONVERSION = YES;
				CLANG_WARN_DEPRECATED_OBJC_IMPLEMENTATIONS = YES;
				CLANG_WARN_DIRECT_OBJC_ISA_USAGE = YES_ERROR;
				CLANG_WARN_DOCUMENTATION_COMMENTS = YES;
				CLANG_WARN_EMPTY_BODY = YES;
				CLANG_WARN_ENUM_CONVERSION = YES;
				CLANG_WARN_INFINITE_RECURSION = YES;
				CLANG_WARN_INT_CONVERSION = YES;
				CLANG_WARN_NON_LITERAL_NULL_CONVERSION = YES;
				CLANG_WARN_OBJC_IMPLICIT_RETAIN_SELF = YES;
				CLANG_WARN_OBJC_LITERAL_CONVERSION = YES;
				CLANG_WARN_OBJC_ROOT_CLASS = YES_ERROR;
				CLANG_WARN_QUOTED_INCLUDE_IN_FRAMEWORK_HEADER = YES;
				CLANG_WARN_RANGE_LOOP_ANALYSIS = YES;
				CLANG_WARN_STRICT_PROTOTYPES = YES;
				CLANG_WARN_SUSPICIOUS_MOVE = YES;
				CLANG_WARN_UNGUARDED_AVAILABILITY = YES_AGGRESSIVE;
				CLANG_WARN_UNREACHABLE_CODE = YES;
				CLANG_WARN__DUPLICATE_METHOD_MATCH = YES;
				COPY_PHASE_STRIP = NO;
				DEBUG_INFORMATION_FORMAT = "dwarf-with-dsym";
				ENABLE_NS_ASSERTIONS = NO;
				ENABLE_STRICT_OBJC_MSGSEND = YES;
				ENABLE_USER_SCRIPT_SANDBOXING = YES;
				GCC_C_LANGUAGE_STANDARD = gnu17;
				GCC_NO_COMMON_BLOCKS = YES;
				GCC_WARN_64_TO_32_BIT_CONVERSION = YES;
				GCC_WARN_ABOUT_RETURN_TYPE = YES_ERROR;
				GCC_WARN_UNDECLARED_SELECTOR = YES;
				GCC_WARN_UNINITIALIZED_AUTOS = YES_AGGRESSIVE;
				GCC_WARN_UNUSED_FUNCTION = YES;
				GCC_WARN_UNUSED_VARIABLE = YES;
				IPHONEOS_DEPLOYMENT_TARGET = 17.5;
				LOCALIZATION_PREFERS_STRING_CATALOGS = YES;
				MTL_ENABLE_DEBUG_INFO = NO;
				MTL_FAST_MATH = YES;
				SDKROOT = iphoneos;
				SWIFT_COMPILATION_MODE = wholemodule;
				VALIDATE_PRODUCT = YES;
			};
			name = Release;
		};
		C6953AD72DDFDEB8008FFD9C /* Debug */ = {
			isa = XCBuildConfiguration;
			buildSettings = {
				ASSETCATALOG_COMPILER_APPICON_NAME = AppIcon;
				ASSETCATALOG_COMPILER_GLOBAL_ACCENT_COLOR_NAME = AccentColor;
				CODE_SIGN_STYLE = Automatic;
				CURRENT_PROJECT_VERSION = 1;
				DEVELOPMENT_ASSET_PATHS = "\"ZeroApp/Preview Content\"";
				ENABLE_PREVIEWS = YES;
				GENERATE_INFOPLIST_FILE = YES;
				INFOPLIST_KEY_UIApplicationSceneManifest_Generation = YES;
				INFOPLIST_KEY_UIApplicationSupportsIndirectInputEvents = YES;
				INFOPLIST_KEY_UILaunchScreen_Generation = YES;
				INFOPLIST_KEY_UISupportedInterfaceOrientations_iPad = "UIInterfaceOrientationPortrait UIInterfaceOrientationPortraitUpsideDown UIInterfaceOrientationLandscapeLeft UIInterfaceOrientationLandscapeRight";
				INFOPLIST_KEY_UISupportedInterfaceOrientations_iPhone = "UIInterfaceOrientationPortrait UIInterfaceOrientationLandscapeLeft UIInterfaceOrientationLandscapeRight";
				LD_RUNPATH_SEARCH_PATHS = (
					"$(inherited)",
					"@executable_path/Frameworks",
				);
				MARKETING_VERSION = 1.0;
				PRODUCT_BUNDLE_IDENTIFIER = com.swiftnash.ZeroApp;
				PRODUCT_NAME = "$(TARGET_NAME)";
				SWIFT_EMIT_LOC_STRINGS = YES;
				SWIFT_VERSION = 5.0;
				TARGETED_DEVICE_FAMILY = "1,2";
			};
			name = Debug;
		};
		C6953AD82DDFDEB8008FFD9C /* Release */ = {
			isa = XCBuildConfiguration;
			buildSettings = {
				ASSETCATALOG_COMPILER_APPICON_NAME = AppIcon;
				ASSETCATALOG_COMPILER_GLOBAL_ACCENT_COLOR_NAME = AccentColor;
				CODE_SIGN_STYLE = Automatic;
				CURRENT_PROJECT_VERSION = 1;
				DEVELOPMENT_ASSET_PATHS = "\"ZeroApp/Preview Content\"";
				ENABLE_PREVIEWS = YES;
				GENERATE_INFOPLIST_FILE = YES;
				INFOPLIST_KEY_UIApplicationSceneManifest_Generation = YES;
				INFOPLIST_KEY_UIApplicationSupportsIndirectInputEvents = YES;
				INFOPLIST_KEY_UILaunchScreen_Generation = YES;
				INFOPLIST_KEY_UISupportedInterfaceOrientations_iPad = "UIInterfaceOrientationPortrait UIInterfaceOrientationPortraitUpsideDown UIInterfaceOrientationLandscapeLeft UIInterfaceOrientationLandscapeRight";
				INFOPLIST_KEY_UISupportedInterfaceOrientations_iPhone = "UIInterfaceOrientationPortrait UIInterfaceOrientationLandscapeLeft UIInterfaceOrientationLandscapeRight";
				LD_RUNPATH_SEARCH_PATHS = (
					"$(inherited)",
					"@executable_path/Frameworks",
				);
				MARKETING_VERSION = 1.0;
				PRODUCT_BUNDLE_IDENTIFIER = com.swiftnash.ZeroApp;
				PRODUCT_NAME = "$(TARGET_NAME)";
				SWIFT_EMIT_LOC_STRINGS = YES;
				SWIFT_VERSION = 5.0;
				TARGETED_DEVICE_FAMILY = "1,2";
			};
			name = Release;
		};
		C6953ADA2DDFDEB8008FFD9C /* Debug */ = {
			isa = XCBuildConfiguration;
			buildSettings = {
				ALWAYS_EMBED_SWIFT_STANDARD_LIBRARIES = YES;
				BUNDLE_LOADER = "$(TEST_HOST)";
				CODE_SIGN_STYLE = Automatic;
				CURRENT_PROJECT_VERSION = 1;
				GENERATE_INFOPLIST_FILE = YES;
				IPHONEOS_DEPLOYMENT_TARGET = 17.5;
				MARKETING_VERSION = 1.0;
				PRODUCT_BUNDLE_IDENTIFIER = com.swiftnash.ZeroAppTests;
				PRODUCT_NAME = "$(TARGET_NAME)";
				SWIFT_EMIT_LOC_STRINGS = NO;
				SWIFT_VERSION = 5.0;
				TARGETED_DEVICE_FAMILY = "1,2";
				TEST_HOST = "$(BUILT_PRODUCTS_DIR)/ZeroApp.app/$(BUNDLE_EXECUTABLE_FOLDER_PATH)/ZeroApp";
			};
			name = Debug;
		};
		C6953ADB2DDFDEB8008FFD9C /* Release */ = {
			isa = XCBuildConfiguration;
			buildSettings = {
				ALWAYS_EMBED_SWIFT_STANDARD_LIBRARIES = YES;
				BUNDLE_LOADER = "$(TEST_HOST)";
				CODE_SIGN_STYLE = Automatic;
				CURRENT_PROJECT_VERSION = 1;
				GENERATE_INFOPLIST_FILE = YES;
				IPHONEOS_DEPLOYMENT_TARGET = 17.5;
				MARKETING_VERSION = 1.0;
				PRODUCT_BUNDLE_IDENTIFIER = com.swiftnash.ZeroAppTests;
				PRODUCT_NAME = "$(TARGET_NAME)";
				SWIFT_EMIT_LOC_STRINGS = NO;
				SWIFT_VERSION = 5.0;
				TARGETED_DEVICE_FAMILY = "1,2";
				TEST_HOST = "$(BUILT_PRODUCTS_DIR)/ZeroApp.app/$(BUNDLE_EXECUTABLE_FOLDER_PATH)/ZeroApp";
			};
			name = Release;
		};
		C6953ADD2DDFDEB8008FFD9C /* Debug */ = {
			isa = XCBuildConfiguration;
			buildSettings = {
				ALWAYS_EMBED_SWIFT_STANDARD_LIBRARIES = YES;
				CODE_SIGN_STYLE = Automatic;
				CURRENT_PROJECT_VERSION = 1;
				GENERATE_INFOPLIST_FILE = YES;
				MARKETING_VERSION = 1.0;
				PRODUCT_BUNDLE_IDENTIFIER = com.swiftnash.ZeroAppUITests;
				PRODUCT_NAME = "$(TARGET_NAME)";
				SWIFT_EMIT_LOC_STRINGS = NO;
				SWIFT_VERSION = 5.0;
				TARGETED_DEVICE_FAMILY = "1,2";
				TEST_TARGET_NAME = ZeroApp;
			};
			name = Debug;
		};
		C6953ADE2DDFDEB8008FFD9C /* Release */ = {
			isa = XCBuildConfiguration;
			buildSettings = {
				ALWAYS_EMBED_SWIFT_STANDARD_LIBRARIES = YES;
				CODE_SIGN_STYLE = Automatic;
				CURRENT_PROJECT_VERSION = 1;
				GENERATE_INFOPLIST_FILE = YES;
				MARKETING_VERSION = 1.0;
				PRODUCT_BUNDLE_IDENTIFIER = com.swiftnash.ZeroAppUITests;
				PRODUCT_NAME = "$(TARGET_NAME)";
				SWIFT_EMIT_LOC_STRINGS = NO;
				SWIFT_VERSION = 5.0;
				TARGETED_DEVICE_FAMILY = "1,2";
				TEST_TARGET_NAME = ZeroApp;
			};
			name = Release;
		};
/* End XCBuildConfiguration section */

/* Begin XCConfigurationList section */
		C6953AAD2DDFDEB5008FFD9C /* Build configuration list for PBXProject "ZeroApp" */ = {
			isa = XCConfigurationList;
			buildConfigurations = (
				C6953AD42DDFDEB8008FFD9C /* Debug */,
				C6953AD52DDFDEB8008FFD9C /* Release */,
			);
			defaultConfigurationIsVisible = 0;
			defaultConfigurationName = Release;
		};
		C6953AD62DDFDEB8008FFD9C /* Build configuration list for PBXNativeTarget "ZeroApp" */ = {
			isa = XCConfigurationList;
			buildConfigurations = (
				C6953AD72DDFDEB8008FFD9C /* Debug */,
				C6953AD82DDFDEB8008FFD9C /* Release */,
			);
			defaultConfigurationIsVisible = 0;
			defaultConfigurationName = Release;
		};
		C6953AD92DDFDEB8008FFD9C /* Build configuration list for PBXNativeTarget "ZeroAppTests" */ = {
			isa = XCConfigurationList;
			buildConfigurations = (
				C6953ADA2DDFDEB8008FFD9C /* Debug */,
				C6953ADB2DDFDEB8008FFD9C /* Release */,
			);
			defaultConfigurationIsVisible = 0;
			defaultConfigurationName = Release;
		};
		C6953ADC2DDFDEB8008FFD9C /* Build configuration list for PBXNativeTarget "ZeroAppUITests" */ = {
			isa = XCConfigurationList;
			buildConfigurations = (
				C6953ADD2DDFDEB8008FFD9C /* Debug */,
				C6953ADE2DDFDEB8008FFD9C /* Release */,
			);
			defaultConfigurationIsVisible = 0;
			defaultConfigurationName = Release;
		};
/* End XCConfigurationList section */
	};
	rootObject = C6953AAA2DDFDEB5008FFD9C /* Project object */;
}
